Microsoft Visual Studio Solution File, Format Version 12.00
# Visual Studio Version 16
VisualStudioVersion = 16.0.31515.178
MinimumVisualStudioVersion = 10.0.40219.1
Project("{8BC9CEB8-8B4A-11D0-8D11-00A0C91BC942}") = "Tests - StandAlone", "StandAlone.vcxproj", "{660D0A05-69A9-4F09-9664-02FBEB08FAE2}"
EndProject
Project("{8BC9CEB8-8B4A-11D0-8D11-00A0C91BC942}") = "Targets - glslang (generic)", "glslang.vcxproj", "{3B146CC5-B2B8-4573-9D46-6139E2EDFEA3}"
EndProject
Global
	GlobalSection(SolutionConfigurationPlatforms) = preSolution
		UserM_Debug|x86 = UserM_Debug|x86
		UserM_Release|x86 = UserM_Release|x86
	EndGlobalSection
	GlobalSection(ProjectConfigurationPlatforms) = postSolution
		{660D0A05-69A9-4F09-9664-02FBEB08FAE2}.UserM_Debug|x86.ActiveCfg = UserM_Debug|Win32
		{660D0A05-69A9-4F09-9664-02FBEB08FAE2}.UserM_Debug|x86.Build.0 = UserM_Debug|Win32
		{660D0A05-69A9-4F09-9664-02FBEB08FAE2}.UserM_Release|x86.ActiveCfg = UserM_Release|Win32
		{660D0A05-69A9-4F09-9664-02FBEB08FAE2}.UserM_Release|x86.Build.0 = UserM_Release|Win32
		{3B146CC5-B2B8-4573-9D46-6139E2EDFEA3}.UserM_Debug|x86.ActiveCfg = UserM_Debug|Win32
		{3B146CC5-B2B8-4573-9D46-6139E2EDFEA3}.UserM_Debug|x86.Build.0 = UserM_Debug|Win32
		{3B146CC5-B2B8-4573-9D46-6139E2EDFEA3}.UserM_Release|x86.ActiveCfg = UserM_Release|Win32
		{3B146CC5-B2B8-4573-9D46-6139E2EDFEA3}.UserM_Release|x86.Build.0 = UserM_Release|Win32
	EndGlobalSection
	GlobalSection(SolutionProperties) = preSolution
		HideSolutionNode = FALSE
	EndGlobalSection
	GlobalSection(ExtensibilityGlobals) = postSolution
		SolutionGuid = {D231EE71-510A-4E66-B742-9144D5E8C16F}
	EndGlobalSection
EndGlobal
